
Microsoft Visual Studio Solution File, Format Version 12.00
# Visual Studio 15
VisualStudioVersion = 15.0.27130.2003
MinimumVisualStudioVersion = 10.0.40219.1
Project("{FAE04EC0-301F-11D3-BF4B-00C04F79EFBC}") = "MVCAuth", "MVCAuth\MVCAuth.csproj", "{D14BC9E4-1815-4602-858D-4C7CC5FE2496}"
EndProject
Global
	GlobalSection(SolutionConfigurationPlatforms) = preSolution
		Debug|Any CPU = Debug|Any CPU
		Release|Any CPU = Release|Any CPU
	EndGlobalSection
	GlobalSection(ProjectConfigurationPlatforms) = postSolution
		{D14BC9E4-1815-4602-858D-4C7CC5FE2496}.Debug|Any CPU.ActiveCfg = Debug|Any CPU
		{D14BC9E4-1815-4602-858D-4C7CC5FE2496}.Debug|Any CPU.Build.0 = Debug|Any CPU
		{D14BC9E4-1815-4602-858D-4C7CC5FE2496}.Release|Any CPU.ActiveCfg = Release|Any CPU
		{D14BC9E4-1815-4602-858D-4C7CC5FE2496}.Release|Any CPU.Build.0 = Release|Any CPU
	EndGlobalSection
	GlobalSection(SolutionProperties) = preSolution
		HideSolutionNode = FALSE
	EndGlobalSection
	GlobalSection(ExtensibilityGlobals) = postSolution
		SolutionGuid = {58F67212-86D2-45D0-B27E-B9361E4653EA}
	EndGlobalSection
EndGlobal
